
Microsoft Visual Studio Solution File, Format Version 12.00
# Visual Studio Version 17
VisualStudioVersion = 17.14.37111.16
MinimumVisualStudioVersion = 10.0.40219.1
Project("{FAE04EC0-301F-11D3-BF4B-00C04F79EFBC}") = "Client", "Client\Client.csproj", "{E7D65552-64C5-4564-8241-80DD7171C430}"
EndProject
Project("{FAE04EC0-301F-11D3-BF4B-00C04F79EFBC}") = "Sever", "Sever\Sever.csproj", "{3C75EF1F-0504-4F7A-BEE3-38EFD88CF537}"
EndProject
Project("{FAE04EC0-301F-11D3-BF4B-00C04F79EFBC}") = "HospitalManagement.DataAccess", "HospitalManagement.DataAccess\HospitalManagement.DataAccess.csproj", "{E953E626-367F-46A5-BFC2-6F0DDE0B4B7F}"
EndProject
Project("{FAE04EC0-301F-11D3-BF4B-00C04F79EFBC}") = "HospitalManagement.BusinessObject", "HospitalManagement.BusinessObject\HospitalManagement.BusinessObject.csproj", "{804D788B-1B4C-47C6-AD7E-A0498F3F818F}"
EndProject
Project("{FAE04EC0-301F-11D3-BF4B-00C04F79EFBC}") = "HospitalManagement.Repository", "HospitalManagement.Repository\HospitalManagement.Repository.csproj", "{FDA6F761-E56A-42B0-BCFA-31F47681E74F}"
EndProject
Global
	GlobalSection(SolutionConfigurationPlatforms) = preSolution
		Debug|Any CPU = Debug|Any CPU
		Debug|x64 = Debug|x64
		Debug|x86 = Debug|x86
		Release|Any CPU = Release|Any CPU
		Release|x64 = Release|x64
		Release|x86 = Release|x86
	EndGlobalSection
	GlobalSection(ProjectConfigurationPlatforms) = postSolution
		{E7D65552-64C5-4564-8241-80DD7171C430}.Debug|Any CPU.ActiveCfg = Debug|Any CPU
		{E7D65552-64C5-4564-8241-80DD7171C430}.Debug|Any CPU.Build.0 = Debug|Any CPU
		{E7D65552-64C5-4564-8241-80DD7171C430}.Debug|x64.ActiveCfg = Debug|Any CPU
		{E7D65552-64C5-4564-8241-80DD7171C430}.Debug|x64.Build.0 = Debug|Any CPU
		{E7D65552-64C5-4564-8241-80DD7171C430}.Debug|x86.ActiveCfg = Debug|Any CPU
		{E7D65552-64C5-4564-8241-80DD7171C430}.Debug|x86.Build.0 = Debug|Any CPU
		{E7D65552-64C5-4564-8241-80DD7171C430}.Release|Any CPU.ActiveCfg = Release|Any CPU
		{E7D65552-64C5-4564-8241-80DD7171C430}.Release|Any CPU.Build.0 = Release|Any CPU
		{E7D65552-64C5-4564-8241-80DD7171C430}.Release|x64.ActiveCfg = Release|Any CPU
		{E7D65552-64C5-4564-8241-80DD7171C430}.Release|x64.Build.0 = Release|Any CPU
		{E7D65552-64C5-4564-8241-80DD7171C430}.Release|x86.ActiveCfg = Release|Any CPU
		{E7D65552-64C5-4564-8241-80DD7171C430}.Release|x86.Build.0 = Release|Any CPU
		{3C75EF1F-0504-4F7A-BEE3-38EFD88CF537}.Debug|Any CPU.ActiveCfg = Debug|Any CPU
		{3C75EF1F-0504-4F7A-BEE3-38EFD88CF537}.Debug|Any CPU.Build.0 = Debug|Any CPU
		{3C75EF1F-0504-4F7A-BEE3-38EFD88CF537}.Debug|x64.ActiveCfg = Debug|Any CPU
		{3C75EF1F-0504-4F7A-BEE3-38EFD88CF537}.Debug|x64.Build.0 = Debug|Any CPU
		{3C75EF1F-0504-4F7A-BEE3-38EFD88CF537}.Debug|x86.ActiveCfg = Debug|Any CPU
		{3C75EF1F-0504-4F7A-BEE3-38EFD88CF537}.Debug|x86.Build.0 = Debug|Any CPU
		{3C75EF1F-0504-4F7A-BEE3-38EFD88CF537}.Release|Any CPU.ActiveCfg = Release|Any CPU
		{3C75EF1F-0504-4F7A-BEE3-38EFD88CF537}.Release|Any CPU.Build.0 = Release|Any CPU
		{3C75EF1F-0504-4F7A-BEE3-38EFD88CF537}.Release|x64.ActiveCfg = Release|Any CPU
		{3C75EF1F-0504-4F7A-BEE3-38EFD88CF537}.Release|x64.Build.0 = Release|Any CPU
		{3C75EF1F-0504-4F7A-BEE3-38EFD88CF537}.Release|x86.ActiveCfg = Release|Any CPU
		{3C75EF1F-0504-4F7A-BEE3-38EFD88CF537}.Release|x86.Build.0 = Release|Any CPU
		{E953E626-367F-46A5-BFC2-6F0DDE0B4B7F}.Debug|Any CPU.ActiveCfg = Debug|Any CPU
		{E953E626-367F-46A5-BFC2-6F0DDE0B4B7F}.Debug|Any CPU.Build.0 = Debug|Any CPU
		{E953E626-367F-46A5-BFC2-6F0DDE0B4B7F}.Debug|x64.ActiveCfg = Debug|Any CPU
		{E953E626-367F-46A5-BFC2-6F0DDE0B4B7F}.Debug|x64.Build.0 = Debug|Any CPU
		{E953E626-367F-46A5-BFC2-6F0DDE0B4B7F}.Debug|x86.ActiveCfg = Debug|Any CPU
		{E953E626-367F-46A5-BFC2-6F0DDE0B4B7F}.Debug|x86.Build.0 = Debug|Any CPU
		{E953E626-367F-46A5-BFC2-6F0DDE0B4B7F}.Release|Any CPU.ActiveCfg = Release|Any CPU
		{E953E626-367F-46A5-BFC2-6F0DDE0B4B7F}.Release|Any CPU.Build.0 = Release|Any CPU
		{E953E626-367F-46A5-BFC2-6F0DDE0B4B7F}.Release|x64.ActiveCfg = Release|Any CPU
		{E953E626-367F-46A5-BFC2-6F0DDE0B4B7F}.Release|x64.Build.0 = Release|Any CPU
		{E953E626-367F-46A5-BFC2-6F0DDE0B4B7F}.Release|x86.ActiveCfg = Release|Any CPU
		{E953E626-367F-46A5-BFC2-6F0DDE0B4B7F}.Release|x86.Build.0 = Release|Any CPU
		{804D788B-1B4C-47C6-AD7E-A0498F3F818F}.Debug|Any CPU.ActiveCfg = Debug|Any CPU
		{804D788B-1B4C-47C6-AD7E-A0498F3F818F}.Debug|Any CPU.Build.0 = Debug|Any CPU
		{804D788B-1B4C-47C6-AD7E-A0498F3F818F}.Debug|x64.ActiveCfg = Debug|Any CPU
		{804D788B-1B4C-47C6-AD7E-A0498F3F818F}.Debug|x64.Build.0 = Debug|Any CPU
		{804D788B-1B4C-47C6-AD7E-A0498F3F818F}.Debug|x86.ActiveCfg = Debug|Any CPU
		{804D788B-1B4C-47C6-AD7E-A0498F3F818F}.Debug|x86.Build.0 = Debug|Any CPU
		{804D788B-1B4C-47C6-AD7E-A0498F3F818F}.Release|Any CPU.ActiveCfg = Release|Any CPU
		{804D788B-1B4C-47C6-AD7E-A0498F3F818F}.Release|Any CPU.Build.0 = Release|Any CPU
		{804D788B-1B4C-47C6-AD7E-A0498F3F818F}.Release|x64.ActiveCfg = Release|Any CPU
		{804D788B-1B4C-47C6-AD7E-A0498F3F818F}.Release|x64.Build.0 = Release|Any CPU
		{804D788B-1B4C-47C6-AD7E-A0498F3F818F}.Release|x86.ActiveCfg = Release|Any CPU
		{804D788B-1B4C-47C6-AD7E-A0498F3F818F}.Release|x86.Build.0 = Release|Any CPU
		{FDA6F761-E56A-42B0-BCFA-31F47681E74F}.Debug|Any CPU.ActiveCfg = Debug|Any CPU
		{FDA6F761-E56A-42B0-BCFA-31F47681E74F}.Debug|Any CPU.Build.0 = Debug|Any CPU
		{FDA6F761-E56A-42B0-BCFA-31F47681E74F}.Debug|x64.ActiveCfg = Debug|Any CPU
		{FDA6F761-E56A-42B0-BCFA-31F47681E74F}.Debug|x64.Build.0 = Debug|Any CPU
		{FDA6F761-E56A-42B0-BCFA-31F47681E74F}.Debug|x86.ActiveCfg = Debug|Any CPU
		{FDA6F761-E56A-42B0-BCFA-31F47681E74F}.Debug|x86.Build.0 = Debug|Any CPU
		{FDA6F761-E56A-42B0-BCFA-31F47681E74F}.Release|Any CPU.ActiveCfg = Release|Any CPU
		{FDA6F761-E56A-42B0-BCFA-31F47681E74F}.Release|Any CPU.Build.0 = Release|Any CPU
		{FDA6F761-E56A-42B0-BCFA-31F47681E74F}.Release|x64.ActiveCfg = Release|Any CPU
		{FDA6F761-E56A-42B0-BCFA-31F47681E74F}.Release|x64.Build.0 = Release|Any CPU
		{FDA6F761-E56A-42B0-BCFA-31F47681E74F}.Release|x86.ActiveCfg = Release|Any CPU
		{FDA6F761-E56A-42B0-BCFA-31F47681E74F}.Release|x86.Build.0 = Release|Any CPU
	EndGlobalSection
	GlobalSection(SolutionProperties) = preSolution
		HideSolutionNode = FALSE
	EndGlobalSection
	GlobalSection(ExtensibilityGlobals) = postSolution
		SolutionGuid = {CB32FEB5-83BC-42F3-BA38-65F9EC2B0C9F}
	EndGlobalSection
EndGlobal
